
Microsoft Visual Studio Solution File, Format Version 12.00
# Visual Studio Version 17
VisualStudioVersion = 17.5.002.0
MinimumVisualStudioVersion = 10.0.40219.1
Project("{9A19103F-16F7-4668-BE54-9A1E7A4F7556}") = "TarefasManager", "TarefasManager.csproj", "{1D4B4BDD-F34D-4E6B-901C-08F31276E61E}"
EndProject
Global
	GlobalSection(SolutionConfigurationPlatforms) = preSolution
		Debug|Any CPU = Debug|Any CPU
		Release|Any CPU = Release|Any CPU
	EndGlobalSection
	GlobalSection(ProjectConfigurationPlatforms) = postSolution
		{1D4B4BDD-F34D-4E6B-901C-08F31276E61E}.Debug|Any CPU.ActiveCfg = Debug|Any CPU
		{1D4B4BDD-F34D-4E6B-901C-08F31276E61E}.Debug|Any CPU.Build.0 = Debug|Any CPU
		{1D4B4BDD-F34D-4E6B-901C-08F31276E61E}.Release|Any CPU.ActiveCfg = Release|Any CPU
		{1D4B4BDD-F34D-4E6B-901C-08F31276E61E}.Release|Any CPU.Build.0 = Release|Any CPU
	EndGlobalSection
	GlobalSection(SolutionProperties) = preSolution
		HideSolutionNode = FALSE
	EndGlobalSection
	GlobalSection(ExtensibilityGlobals) = postSolution
		SolutionGuid = {50954641-409C-4622-86DD-8B52E11AAC9A}
	EndGlobalSection
EndGlobal
